
Microsoft Visual Studio Solution File, Format Version 12.00
# Visual Studio Version 17
VisualStudioVersion = 17.3.32819.101
MinimumVisualStudioVersion = 10.0.40219.1
Project("{9A19103F-16F7-4668-BE54-9A1E7A4F7556}") = "CorePincode", "CorePincode.csproj", "{99D3DCF3-F4EC-4D98-8993-366E585F4AD8}"
EndProject
Global
	GlobalSection(SolutionConfigurationPlatforms) = preSolution
		Debug|Any CPU = Debug|Any CPU
		Release|Any CPU = Release|Any CPU
	EndGlobalSection
	GlobalSection(ProjectConfigurationPlatforms) = postSolution
		{99D3DCF3-F4EC-4D98-8993-366E585F4AD8}.Debug|Any CPU.ActiveCfg = Debug|Any CPU
		{99D3DCF3-F4EC-4D98-8993-366E585F4AD8}.Debug|Any CPU.Build.0 = Debug|Any CPU
		{99D3DCF3-F4EC-4D98-8993-366E585F4AD8}.Release|Any CPU.ActiveCfg = Release|Any CPU
		{99D3DCF3-F4EC-4D98-8993-366E585F4AD8}.Release|Any CPU.Build.0 = Release|Any CPU
	EndGlobalSection
	GlobalSection(SolutionProperties) = preSolution
		HideSolutionNode = FALSE
	EndGlobalSection
	GlobalSection(ExtensibilityGlobals) = postSolution
		SolutionGuid = {62EA4DE1-A6EE-4165-87EA-26F4260E5507}
	EndGlobalSection
EndGlobal
